
Microsoft Visual Studio Solution File, Format Version 12.00
# Visual Studio Version 17
VisualStudioVersion = 17.5.33502.453
MinimumVisualStudioVersion = 10.0.40219.1
Project("{FAE04EC0-301F-11D3-BF4B-00C04F79EFBC}") = "Hangman", "Hangman\Hangman.csproj", "{84B7C74A-025D-47B9-AA65-FBF791629466}"
EndProject
Global
	GlobalSection(SolutionConfigurationPlatforms) = preSolution
		Debug|Any CPU = Debug|Any CPU
		Release|Any CPU = Release|Any CPU
	EndGlobalSection
	GlobalSection(ProjectConfigurationPlatforms) = postSolution
		{84B7C74A-025D-47B9-AA65-FBF791629466}.Debug|Any CPU.ActiveCfg = Debug|Any CPU
		{84B7C74A-025D-47B9-AA65-FBF791629466}.Debug|Any CPU.Build.0 = Debug|Any CPU
		{84B7C74A-025D-47B9-AA65-FBF791629466}.Release|Any CPU.ActiveCfg = Release|Any CPU
		{84B7C74A-025D-47B9-AA65-FBF791629466}.Release|Any CPU.Build.0 = Release|Any CPU
	EndGlobalSection
	GlobalSection(SolutionProperties) = preSolution
		HideSolutionNode = FALSE
	EndGlobalSection
	GlobalSection(ExtensibilityGlobals) = postSolution
		SolutionGuid = {774A1319-1F25-414D-9D2A-E10D985043E1}
	EndGlobalSection
EndGlobal
